
Microsoft Visual Studio Solution File, Format Version 12.00
# Visual Studio Version 17
VisualStudioVersion = 17.0.31903.59
MinimumVisualStudioVersion = 10.0.40219.1
Project("{2150E333-8FDC-42A3-9474-1A3956D46DE8}") = "gateway", "gateway", "{E7BDDBC6-9FD1-D1D7-ACD8-2C4F8E3D2461}"
EndProject
Project("{2150E333-8FDC-42A3-9474-1A3956D46DE8}") = "Dispatcher", "Dispatcher", "{CE591F83-3E64-FA5E-4411-5E7653667B91}"
EndProject
Project("{FAE04EC0-301F-11D3-BF4B-00C04F79EFBC}") = "Dispatcher.Api", "gateway\Dispatcher\Dispatcher.Api\Dispatcher.Api.csproj", "{7CC5DAAD-3B37-4DE8-B335-C704E8B3A8E1}"
EndProject
Project("{FAE04EC0-301F-11D3-BF4B-00C04F79EFBC}") = "Dispatcher.Application", "gateway\Dispatcher\Dispatcher.Application\Dispatcher.Application.csproj", "{F66EC404-58BA-45DF-A807-7A038DB41238}"
EndProject
Project("{FAE04EC0-301F-11D3-BF4B-00C04F79EFBC}") = "Dispatcher.Domain", "gateway\Dispatcher\Dispatcher.Domain\Dispatcher.Domain.csproj", "{AA367DDA-21D2-49D1-8503-EFD78A82D92A}"
EndProject
Project("{FAE04EC0-301F-11D3-BF4B-00C04F79EFBC}") = "Dispatcher.Infrastructure", "gateway\Dispatcher\Dispatcher.Infrastructure\Dispatcher.Infrastructure.csproj", "{B5F3740F-51B5-4D56-ABE1-E7FD06525AFB}"
EndProject
Project("{FAE04EC0-301F-11D3-BF4B-00C04F79EFBC}") = "Dispatcher.Tests", "gateway\Dispatcher\Dispatcher.Tests\Dispatcher.Tests.csproj", "{D0CAB5FA-7462-4B84-B808-3A6C1B435652}"
EndProject
Project("{2150E333-8FDC-42A3-9474-1A3956D46DE8}") = "services", "services", "{5854FF58-B8C5-05C6-5BF2-ACE42193F22B}"
EndProject
Project("{2150E333-8FDC-42A3-9474-1A3956D46DE8}") = "AuthService", "AuthService", "{378295AF-C144-6721-7CFF-8DE6E58ED8C7}"
EndProject
Project("{FAE04EC0-301F-11D3-BF4B-00C04F79EFBC}") = "AuthService.Api", "services\AuthService\AuthService.Api\AuthService.Api.csproj", "{2A9A7044-170C-4EA3-A7E5-D9B2EFBD9265}"
EndProject
Project("{FAE04EC0-301F-11D3-BF4B-00C04F79EFBC}") = "AuthService.Application", "services\AuthService\AuthService.Application\AuthService.Application.csproj", "{9ED38082-F11D-47FB-A549-11CB857C31C2}"
EndProject
Project("{FAE04EC0-301F-11D3-BF4B-00C04F79EFBC}") = "AuthService.Domain", "services\AuthService\AuthService.Domain\AuthService.Domain.csproj", "{AC00ED8A-6D64-4304-9E29-F78DCC335B75}"
EndProject
Project("{FAE04EC0-301F-11D3-BF4B-00C04F79EFBC}") = "AuthService.Infrastructure", "services\AuthService\AuthService.Infrastructure\AuthService.Infrastructure.csproj", "{39737B48-396A-4C7E-9A13-8F6B974BB65F}"
EndProject
Project("{FAE04EC0-301F-11D3-BF4B-00C04F79EFBC}") = "AuthService.Tests", "services\AuthService\AuthService.Tests\AuthService.Tests.csproj", "{072602B3-3B5D-44C7-B0E3-C21CD244FF30}"
EndProject
Project("{2150E333-8FDC-42A3-9474-1A3956D46DE8}") = "FlightService", "FlightService", "{5AA14FD2-7191-70AB-0264-E0D184F415BF}"
EndProject
Project("{FAE04EC0-301F-11D3-BF4B-00C04F79EFBC}") = "FlightService.Api", "services\FlightService\FlightService.Api\FlightService.Api.csproj", "{E0941949-8F85-4DD5-A97F-0D58C706F22C}"
EndProject
Project("{FAE04EC0-301F-11D3-BF4B-00C04F79EFBC}") = "FlightService.Application", "services\FlightService\FlightService.Application\FlightService.Application.csproj", "{DB09239F-5B37-4A64-A297-B6C26330BB12}"
EndProject
Project("{FAE04EC0-301F-11D3-BF4B-00C04F79EFBC}") = "FlightService.Domain", "services\FlightService\FlightService.Domain\FlightService.Domain.csproj", "{1EDF2A93-2A7F-4165-B040-B88D5076E64C}"
EndProject
Project("{FAE04EC0-301F-11D3-BF4B-00C04F79EFBC}") = "FlightService.Infrastructure", "services\FlightService\FlightService.Infrastructure\FlightService.Infrastructure.csproj", "{C07AE076-A4DD-413C-AA2C-61C9960BC28D}"
EndProject
Project("{FAE04EC0-301F-11D3-BF4B-00C04F79EFBC}") = "FlightService.Tests", "services\FlightService\FlightService.Tests\FlightService.Tests.csproj", "{773D2F8A-8395-4A65-9D7C-154EE3BA495B}"
EndProject
Project("{2150E333-8FDC-42A3-9474-1A3956D46DE8}") = "ReservationService", "ReservationService", "{F324F16E-697C-FB28-0140-5E2B957955FE}"
EndProject
Project("{FAE04EC0-301F-11D3-BF4B-00C04F79EFBC}") = "ReservationService.Api", "services\ReservationService\ReservationService.Api\ReservationService.Api.csproj", "{255812FD-B493-4A85-B5EA-60BBD07F4E20}"
EndProject
Project("{FAE04EC0-301F-11D3-BF4B-00C04F79EFBC}") = "ReservationService.Application", "services\ReservationService\ReservationService.Application\ReservationService.Application.csproj", "{201497D6-A014-43BB-A0D3-EF5CEB5FD438}"
EndProject
Project("{FAE04EC0-301F-11D3-BF4B-00C04F79EFBC}") = "ReservationService.Domain", "services\ReservationService\ReservationService.Domain\ReservationService.Domain.csproj", "{305D84BA-6AC5-4B03-B18D-15786E5F242D}"
EndProject
Project("{FAE04EC0-301F-11D3-BF4B-00C04F79EFBC}") = "ReservationService.Infrastructure", "services\ReservationService\ReservationService.Infrastructure\ReservationService.Infrastructure.csproj", "{4F8FAF8B-A699-444F-BECE-ED84F3BB19B1}"
EndProject
Project("{FAE04EC0-301F-11D3-BF4B-00C04F79EFBC}") = "ReservationService.Tests", "services\ReservationService\ReservationService.Tests\ReservationService.Tests.csproj", "{92519F77-CB23-4E2B-A317-E12E304DD175}"
EndProject
Project("{2150E333-8FDC-42A3-9474-1A3956D46DE8}") = "AvailabilityService", "AvailabilityService", "{A687D6EC-60BE-4F39-E21F-813EA97F0F62}"
EndProject
Project("{FAE04EC0-301F-11D3-BF4B-00C04F79EFBC}") = "AvailabilityService.Api", "services\AvailabilityService\AvailabilityService.Api\AvailabilityService.Api.csproj", "{7AD4DD2D-0A9D-4FF6-82F5-69562BC6A97C}"
EndProject
Project("{FAE04EC0-301F-11D3-BF4B-00C04F79EFBC}") = "AvailabilityService.Application", "services\AvailabilityService\AvailabilityService.Application\AvailabilityService.Application.csproj", "{044D959C-7385-4822-BA0C-EE098545E498}"
EndProject
Project("{FAE04EC0-301F-11D3-BF4B-00C04F79EFBC}") = "AvailabilityService.Domain", "services\AvailabilityService\AvailabilityService.Domain\AvailabilityService.Domain.csproj", "{848AC525-97AF-4BDC-82CB-40A56521E30E}"
EndProject
Project("{FAE04EC0-301F-11D3-BF4B-00C04F79EFBC}") = "AvailabilityService.Infrastructure", "services\AvailabilityService\AvailabilityService.Infrastructure\AvailabilityService.Infrastructure.csproj", "{3422267B-ABCE-47FD-968E-8029FFAC6617}"
EndProject
Project("{FAE04EC0-301F-11D3-BF4B-00C04F79EFBC}") = "AvailabilityService.Tests", "services\AvailabilityService\AvailabilityService.Tests\AvailabilityService.Tests.csproj", "{CC9ABD01-4151-4B11-8150-EB2ED9643139}"
EndProject
Project("{2150E333-8FDC-42A3-9474-1A3956D46DE8}") = "shared", "shared", "{4F52FD11-658E-A102-6CD3-7D7C16FFA15B}"
EndProject
Project("{2150E333-8FDC-42A3-9474-1A3956D46DE8}") = "BuildingBlocks", "BuildingBlocks", "{EDD64D91-0F4B-5ED4-2866-ADA64D5A1C33}"
EndProject
Project("{FAE04EC0-301F-11D3-BF4B-00C04F79EFBC}") = "BuildingBlocks.Domain", "shared\BuildingBlocks\BuildingBlocks.Domain\BuildingBlocks.Domain.csproj", "{1E2311A5-AC48-4B26-B162-2CEC9F8FAA47}"
EndProject
Project("{FAE04EC0-301F-11D3-BF4B-00C04F79EFBC}") = "BuildingBlocks.Application", "shared\BuildingBlocks\BuildingBlocks.Application\BuildingBlocks.Application.csproj", "{AAD3E211-5E07-4B1E-A183-483066231405}"
EndProject
Project("{FAE04EC0-301F-11D3-BF4B-00C04F79EFBC}") = "BuildingBlocks.Infrastructure", "shared\BuildingBlocks\BuildingBlocks.Infrastructure\BuildingBlocks.Infrastructure.csproj", "{6AE41152-FDD3-42AF-BCD6-857847E6E9C0}"
EndProject
Project("{2150E333-8FDC-42A3-9474-1A3956D46DE8}") = "PaymentService", "PaymentService", "{C37F6A99-4F64-C411-A3CA-5C94B414AB7E}"
EndProject
Project("{FAE04EC0-301F-11D3-BF4B-00C04F79EFBC}") = "PaymentService.Api", "services\PaymentService\PaymentService.Api\PaymentService.Api.csproj", "{52ABED39-0216-4451-BDBE-1D88C6B4C19B}"
EndProject
Project("{FAE04EC0-301F-11D3-BF4B-00C04F79EFBC}") = "PaymentService.Tests", "services\PaymentService\PaymentService.Tests\PaymentService.Tests.csproj", "{723D7E53-4F63-4A48-BE5B-21F1B5326CFD}"
EndProject
Global
	GlobalSection(SolutionConfigurationPlatforms) = preSolution
		Debug|Any CPU = Debug|Any CPU
		Debug|x64 = Debug|x64
		Debug|x86 = Debug|x86
		Release|Any CPU = Release|Any CPU
		Release|x64 = Release|x64
		Release|x86 = Release|x86
	EndGlobalSection
	GlobalSection(ProjectConfigurationPlatforms) = postSolution
		{7CC5DAAD-3B37-4DE8-B335-C704E8B3A8E1}.Debug|Any CPU.ActiveCfg = Debug|Any CPU
		{7CC5DAAD-3B37-4DE8-B335-C704E8B3A8E1}.Debug|Any CPU.Build.0 = Debug|Any CPU
		{7CC5DAAD-3B37-4DE8-B335-C704E8B3A8E1}.Debug|x64.ActiveCfg = Debug|Any CPU
		{7CC5DAAD-3B37-4DE8-B335-C704E8B3A8E1}.Debug|x64.Build.0 = Debug|Any CPU
		{7CC5DAAD-3B37-4DE8-B335-C704E8B3A8E1}.Debug|x86.ActiveCfg = Debug|Any CPU
		{7CC5DAAD-3B37-4DE8-B335-C704E8B3A8E1}.Debug|x86.Build.0 = Debug|Any CPU
		{7CC5DAAD-3B37-4DE8-B335-C704E8B3A8E1}.Release|Any CPU.ActiveCfg = Release|Any CPU
		{7CC5DAAD-3B37-4DE8-B335-C704E8B3A8E1}.Release|Any CPU.Build.0 = Release|Any CPU
		{7CC5DAAD-3B37-4DE8-B335-C704E8B3A8E1}.Release|x64.ActiveCfg = Release|Any CPU
		{7CC5DAAD-3B37-4DE8-B335-C704E8B3A8E1}.Release|x64.Build.0 = Release|Any CPU
		{7CC5DAAD-3B37-4DE8-B335-C704E8B3A8E1}.Release|x86.ActiveCfg = Release|Any CPU
		{7CC5DAAD-3B37-4DE8-B335-C704E8B3A8E1}.Release|x86.Build.0 = Release|Any CPU
		{F66EC404-58BA-45DF-A807-7A038DB41238}.Debug|Any CPU.ActiveCfg = Debug|Any CPU
		{F66EC404-58BA-45DF-A807-7A038DB41238}.Debug|Any CPU.Build.0 = Debug|Any CPU
		{F66EC404-58BA-45DF-A807-7A038DB41238}.Debug|x64.ActiveCfg = Debug|Any CPU
		{F66EC404-58BA-45DF-A807-7A038DB41238}.Debug|x64.Build.0 = Debug|Any CPU
		{F66EC404-58BA-45DF-A807-7A038DB41238}.Debug|x86.ActiveCfg = Debug|Any CPU
		{F66EC404-58BA-45DF-A807-7A038DB41238}.Debug|x86.Build.0 = Debug|Any CPU
		{F66EC404-58BA-45DF-A807-7A038DB41238}.Release|Any CPU.ActiveCfg = Release|Any CPU
		{F66EC404-58BA-45DF-A807-7A038DB41238}.Release|Any CPU.Build.0 = Release|Any CPU
		{F66EC404-58BA-45DF-A807-7A038DB41238}.Release|x64.ActiveCfg = Release|Any CPU
		{F66EC404-58BA-45DF-A807-7A038DB41238}.Release|x64.Build.0 = Release|Any CPU
		{F66EC404-58BA-45DF-A807-7A038DB41238}.Release|x86.ActiveCfg = Release|Any CPU
		{F66EC404-58BA-45DF-A807-7A038DB41238}.Release|x86.Build.0 = Release|Any CPU
		{AA367DDA-21D2-49D1-8503-EFD78A82D92A}.Debug|Any CPU.ActiveCfg = Debug|Any CPU
		{AA367DDA-21D2-49D1-8503-EFD78A82D92A}.Debug|Any CPU.Build.0 = Debug|Any CPU
		{AA367DDA-21D2-49D1-8503-EFD78A82D92A}.Debug|x64.ActiveCfg = Debug|Any CPU
		{AA367DDA-21D2-49D1-8503-EFD78A82D92A}.Debug|x64.Build.0 = Debug|Any CPU
		{AA367DDA-21D2-49D1-8503-EFD78A82D92A}.Debug|x86.ActiveCfg = Debug|Any CPU
		{AA367DDA-21D2-49D1-8503-EFD78A82D92A}.Debug|x86.Build.0 = Debug|Any CPU
		{AA367DDA-21D2-49D1-8503-EFD78A82D92A}.Release|Any CPU.ActiveCfg = Release|Any CPU
		{AA367DDA-21D2-49D1-8503-EFD78A82D92A}.Release|Any CPU.Build.0 = Release|Any CPU
		{AA367DDA-21D2-49D1-8503-EFD78A82D92A}.Release|x64.ActiveCfg = Release|Any CPU
		{AA367DDA-21D2-49D1-8503-EFD78A82D92A}.Release|x64.Build.0 = Release|Any CPU
		{AA367DDA-21D2-49D1-8503-EFD78A82D92A}.Release|x86.ActiveCfg = Release|Any CPU
		{AA367DDA-21D2-49D1-8503-EFD78A82D92A}.Release|x86.Build.0 = Release|Any CPU
		{B5F3740F-51B5-4D56-ABE1-E7FD06525AFB}.Debug|Any CPU.ActiveCfg = Debug|Any CPU
		{B5F3740F-51B5-4D56-ABE1-E7FD06525AFB}.Debug|Any CPU.Build.0 = Debug|Any CPU
		{B5F3740F-51B5-4D56-ABE1-E7FD06525AFB}.Debug|x64.ActiveCfg = Debug|Any CPU
		{B5F3740F-51B5-4D56-ABE1-E7FD06525AFB}.Debug|x64.Build.0 = Debug|Any CPU
		{B5F3740F-51B5-4D56-ABE1-E7FD06525AFB}.Debug|x86.ActiveCfg = Debug|Any CPU
		{B5F3740F-51B5-4D56-ABE1-E7FD06525AFB}.Debug|x86.Build.0 = Debug|Any CPU
		{B5F3740F-51B5-4D56-ABE1-E7FD06525AFB}.Release|Any CPU.ActiveCfg = Release|Any CPU
		{B5F3740F-51B5-4D56-ABE1-E7FD06525AFB}.Release|Any CPU.Build.0 = Release|Any CPU
		{B5F3740F-51B5-4D56-ABE1-E7FD06525AFB}.Release|x64.ActiveCfg = Release|Any CPU
		{B5F3740F-51B5-4D56-ABE1-E7FD06525AFB}.Release|x64.Build.0 = Release|Any CPU
		{B5F3740F-51B5-4D56-ABE1-E7FD06525AFB}.Release|x86.ActiveCfg = Release|Any CPU
		{B5F3740F-51B5-4D56-ABE1-E7FD06525AFB}.Release|x86.Build.0 = Release|Any CPU
		{D0CAB5FA-7462-4B84-B808-3A6C1B435652}.Debug|Any CPU.ActiveCfg = Debug|Any CPU
		{D0CAB5FA-7462-4B84-B808-3A6C1B435652}.Debug|Any CPU.Build.0 = Debug|Any CPU
		{D0CAB5FA-7462-4B84-B808-3A6C1B435652}.Debug|x64.ActiveCfg = Debug|Any CPU
		{D0CAB5FA-7462-4B84-B808-3A6C1B435652}.Debug|x64.Build.0 = Debug|Any CPU
		{D0CAB5FA-7462-4B84-B808-3A6C1B435652}.Debug|x86.ActiveCfg = Debug|Any CPU
		{D0CAB5FA-7462-4B84-B808-3A6C1B435652}.Debug|x86.Build.0 = Debug|Any CPU
		{D0CAB5FA-7462-4B84-B808-3A6C1B435652}.Release|Any CPU.ActiveCfg = Release|Any CPU
		{D0CAB5FA-7462-4B84-B808-3A6C1B435652}.Release|Any CPU.Build.0 = Release|Any CPU
		{D0CAB5FA-7462-4B84-B808-3A6C1B435652}.Release|x64.ActiveCfg = Release|Any CPU
		{D0CAB5FA-7462-4B84-B808-3A6C1B435652}.Release|x64.Build.0 = Release|Any CPU
		{D0CAB5FA-7462-4B84-B808-3A6C1B435652}.Release|x86.ActiveCfg = Release|Any CPU
		{D0CAB5FA-7462-4B84-B808-3A6C1B435652}.Release|x86.Build.0 = Release|Any CPU
		{2A9A7044-170C-4EA3-A7E5-D9B2EFBD9265}.Debug|Any CPU.ActiveCfg = Debug|Any CPU
		{2A9A7044-170C-4EA3-A7E5-D9B2EFBD9265}.Debug|Any CPU.Build.0 = Debug|Any CPU
		{2A9A7044-170C-4EA3-A7E5-D9B2EFBD9265}.Debug|x64.ActiveCfg = Debug|Any CPU
		{2A9A7044-170C-4EA3-A7E5-D9B2EFBD9265}.Debug|x64.Build.0 = Debug|Any CPU
		{2A9A7044-170C-4EA3-A7E5-D9B2EFBD9265}.Debug|x86.ActiveCfg = Debug|Any CPU
		{2A9A7044-170C-4EA3-A7E5-D9B2EFBD9265}.Debug|x86.Build.0 = Debug|Any CPU
		{2A9A7044-170C-4EA3-A7E5-D9B2EFBD9265}.Release|Any CPU.ActiveCfg = Release|Any CPU
		{2A9A7044-170C-4EA3-A7E5-D9B2EFBD9265}.Release|Any CPU.Build.0 = Release|Any CPU
		{2A9A7044-170C-4EA3-A7E5-D9B2EFBD9265}.Release|x64.ActiveCfg = Release|Any CPU
		{2A9A7044-170C-4EA3-A7E5-D9B2EFBD9265}.Release|x64.Build.0 = Release|Any CPU
		{2A9A7044-170C-4EA3-A7E5-D9B2EFBD9265}.Release|x86.ActiveCfg = Release|Any CPU
		{2A9A7044-170C-4EA3-A7E5-D9B2EFBD9265}.Release|x86.Build.0 = Release|Any CPU
		{9ED38082-F11D-47FB-A549-11CB857C31C2}.Debug|Any CPU.ActiveCfg = Debug|Any CPU
		{9ED38082-F11D-47FB-A549-11CB857C31C2}.Debug|Any CPU.Build.0 = Debug|Any CPU
		{9ED38082-F11D-47FB-A549-11CB857C31C2}.Debug|x64.ActiveCfg = Debug|Any CPU
		{9ED38082-F11D-47FB-A549-11CB857C31C2}.Debug|x64.Build.0 = Debug|Any CPU
		{9ED38082-F11D-47FB-A549-11CB857C31C2}.Debug|x86.ActiveCfg = Debug|Any CPU
		{9ED38082-F11D-47FB-A549-11CB857C31C2}.Debug|x86.Build.0 = Debug|Any CPU
		{9ED38082-F11D-47FB-A549-11CB857C31C2}.Release|Any CPU.ActiveCfg = Release|Any CPU
		{9ED38082-F11D-47FB-A549-11CB857C31C2}.Release|Any CPU.Build.0 = Release|Any CPU
		{9ED38082-F11D-47FB-A549-11CB857C31C2}.Release|x64.ActiveCfg = Release|Any CPU
		{9ED38082-F11D-47FB-A549-11CB857C31C2}.Release|x64.Build.0 = Release|Any CPU
		{9ED38082-F11D-47FB-A549-11CB857C31C2}.Release|x86.ActiveCfg = Release|Any CPU
		{9ED38082-F11D-47FB-A549-11CB857C31C2}.Release|x86.Build.0 = Release|Any CPU
		{AC00ED8A-6D64-4304-9E29-F78DCC335B75}.Debug|Any CPU.ActiveCfg = Debug|Any CPU
		{AC00ED8A-6D64-4304-9E29-F78DCC335B75}.Debug|Any CPU.Build.0 = Debug|Any CPU
		{AC00ED8A-6D64-4304-9E29-F78DCC335B75}.Debug|x64.ActiveCfg = Debug|Any CPU
		{AC00ED8A-6D64-4304-9E29-F78DCC335B75}.Debug|x64.Build.0 = Debug|Any CPU
		{AC00ED8A-6D64-4304-9E29-F78DCC335B75}.Debug|x86.ActiveCfg = Debug|Any CPU
		{AC00ED8A-6D64-4304-9E29-F78DCC335B75}.Debug|x86.Build.0 = Debug|Any CPU
		{AC00ED8A-6D64-4304-9E29-F78DCC335B75}.Release|Any CPU.ActiveCfg = Release|Any CPU
		{AC00ED8A-6D64-4304-9E29-F78DCC335B75}.Release|Any CPU.Build.0 = Release|Any CPU
		{AC00ED8A-6D64-4304-9E29-F78DCC335B75}.Release|x64.ActiveCfg = Release|Any CPU
		{AC00ED8A-6D64-4304-9E29-F78DCC335B75}.Release|x64.Build.0 = Release|Any CPU
		{AC00ED8A-6D64-4304-9E29-F78DCC335B75}.Release|x86.ActiveCfg = Release|Any CPU
		{AC00ED8A-6D64-4304-9E29-F78DCC335B75}.Release|x86.Build.0 = Release|Any CPU
		{39737B48-396A-4C7E-9A13-8F6B974BB65F}.Debug|Any CPU.ActiveCfg = Debug|Any CPU
		{39737B48-396A-4C7E-9A13-8F6B974BB65F}.Debug|Any CPU.Build.0 = Debug|Any CPU
		{39737B48-396A-4C7E-9A13-8F6B974BB65F}.Debug|x64.ActiveCfg = Debug|Any CPU
		{39737B48-396A-4C7E-9A13-8F6B974BB65F}.Debug|x64.Build.0 = Debug|Any CPU
		{39737B48-396A-4C7E-9A13-8F6B974BB65F}.Debug|x86.ActiveCfg = Debug|Any CPU
		{39737B48-396A-4C7E-9A13-8F6B974BB65F}.Debug|x86.Build.0 = Debug|Any CPU
		{39737B48-396A-4C7E-9A13-8F6B974BB65F}.Release|Any CPU.ActiveCfg = Release|Any CPU
		{39737B48-396A-4C7E-9A13-8F6B974BB65F}.Release|Any CPU.Build.0 = Release|Any CPU
		{39737B48-396A-4C7E-9A13-8F6B974BB65F}.Release|x64.ActiveCfg = Release|Any CPU
		{39737B48-396A-4C7E-9A13-8F6B974BB65F}.Release|x64.Build.0 = Release|Any CPU
		{39737B48-396A-4C7E-9A13-8F6B974BB65F}.Release|x86.ActiveCfg = Release|Any CPU
		{39737B48-396A-4C7E-9A13-8F6B974BB65F}.Release|x86.Build.0 = Release|Any CPU
		{072602B3-3B5D-44C7-B0E3-C21CD244FF30}.Debug|Any CPU.ActiveCfg = Debug|Any CPU
		{072602B3-3B5D-44C7-B0E3-C21CD244FF30}.Debug|Any CPU.Build.0 = Debug|Any CPU
		{072602B3-3B5D-44C7-B0E3-C21CD244FF30}.Debug|x64.ActiveCfg = Debug|Any CPU
		{072602B3-3B5D-44C7-B0E3-C21CD244FF30}.Debug|x64.Build.0 = Debug|Any CPU
		{072602B3-3B5D-44C7-B0E3-C21CD244FF30}.Debug|x86.ActiveCfg = Debug|Any CPU
		{072602B3-3B5D-44C7-B0E3-C21CD244FF30}.Debug|x86.Build.0 = Debug|Any CPU
		{072602B3-3B5D-44C7-B0E3-C21CD244FF30}.Release|Any CPU.ActiveCfg = Release|Any CPU
		{072602B3-3B5D-44C7-B0E3-C21CD244FF30}.Release|Any CPU.Build.0 = Release|Any CPU
		{072602B3-3B5D-44C7-B0E3-C21CD244FF30}.Release|x64.ActiveCfg = Release|Any CPU
		{072602B3-3B5D-44C7-B0E3-C21CD244FF30}.Release|x64.Build.0 = Release|Any CPU
		{072602B3-3B5D-44C7-B0E3-C21CD244FF30}.Release|x86.ActiveCfg = Release|Any CPU
		{072602B3-3B5D-44C7-B0E3-C21CD244FF30}.Release|x86.Build.0 = Release|Any CPU
		{E0941949-8F85-4DD5-A97F-0D58C706F22C}.Debug|Any CPU.ActiveCfg = Debug|Any CPU
		{E0941949-8F85-4DD5-A97F-0D58C706F22C}.Debug|Any CPU.Build.0 = Debug|Any CPU
		{E0941949-8F85-4DD5-A97F-0D58C706F22C}.Debug|x64.ActiveCfg = Debug|Any CPU
		{E0941949-8F85-4DD5-A97F-0D58C706F22C}.Debug|x64.Build.0 = Debug|Any CPU
		{E0941949-8F85-4DD5-A97F-0D58C706F22C}.Debug|x86.ActiveCfg = Debug|Any CPU
		{E0941949-8F85-4DD5-A97F-0D58C706F22C}.Debug|x86.Build.0 = Debug|Any CPU
		{E0941949-8F85-4DD5-A97F-0D58C706F22C}.Release|Any CPU.ActiveCfg = Release|Any CPU
		{E0941949-8F85-4DD5-A97F-0D58C706F22C}.Release|Any CPU.Build.0 = Release|Any CPU
		{E0941949-8F85-4DD5-A97F-0D58C706F22C}.Release|x64.ActiveCfg = Release|Any CPU
		{E0941949-8F85-4DD5-A97F-0D58C706F22C}.Release|x64.Build.0 = Release|Any CPU
		{E0941949-8F85-4DD5-A97F-0D58C706F22C}.Release|x86.ActiveCfg = Release|Any CPU
		{E0941949-8F85-4DD5-A97F-0D58C706F22C}.Release|x86.Build.0 = Release|Any CPU
		{DB09239F-5B37-4A64-A297-B6C26330BB12}.Debug|Any CPU.ActiveCfg = Debug|Any CPU
		{DB09239F-5B37-4A64-A297-B6C26330BB12}.Debug|Any CPU.Build.0 = Debug|Any CPU
		{DB09239F-5B37-4A64-A297-B6C26330BB12}.Debug|x64.ActiveCfg = Debug|Any CPU
		{DB09239F-5B37-4A64-A297-B6C26330BB12}.Debug|x64.Build.0 = Debug|Any CPU
		{DB09239F-5B37-4A64-A297-B6C26330BB12}.Debug|x86.ActiveCfg = Debug|Any CPU
		{DB09239F-5B37-4A64-A297-B6C26330BB12}.Debug|x86.Build.0 = Debug|Any CPU
		{DB09239F-5B37-4A64-A297-B6C26330BB12}.Release|Any CPU.ActiveCfg = Release|Any CPU
		{DB09239F-5B37-4A64-A297-B6C26330BB12}.Release|Any CPU.Build.0 = Release|Any CPU
		{DB09239F-5B37-4A64-A297-B6C26330BB12}.Release|x64.ActiveCfg = Release|Any CPU
		{DB09239F-5B37-4A64-A297-B6C26330BB12}.Release|x64.Build.0 = Release|Any CPU
		{DB09239F-5B37-4A64-A297-B6C26330BB12}.Release|x86.ActiveCfg = Release|Any CPU
		{DB09239F-5B37-4A64-A297-B6C26330BB12}.Release|x86.Build.0 = Release|Any CPU
		{1EDF2A93-2A7F-4165-B040-B88D5076E64C}.Debug|Any CPU.ActiveCfg = Debug|Any CPU
		{1EDF2A93-2A7F-4165-B040-B88D5076E64C}.Debug|Any CPU.Build.0 = Debug|Any CPU
		{1EDF2A93-2A7F-4165-B040-B88D5076E64C}.Debug|x64.ActiveCfg = Debug|Any CPU
		{1EDF2A93-2A7F-4165-B040-B88D5076E64C}.Debug|x64.Build.0 = Debug|Any CPU
		{1EDF2A93-2A7F-4165-B040-B88D5076E64C}.Debug|x86.ActiveCfg = Debug|Any CPU
		{1EDF2A93-2A7F-4165-B040-B88D5076E64C}.Debug|x86.Build.0 = Debug|Any CPU
		{1EDF2A93-2A7F-4165-B040-B88D5076E64C}.Release|Any CPU.ActiveCfg = Release|Any CPU
		{1EDF2A93-2A7F-4165-B040-B88D5076E64C}.Release|Any CPU.Build.0 = Release|Any CPU
		{1EDF2A93-2A7F-4165-B040-B88D5076E64C}.Release|x64.ActiveCfg = Release|Any CPU
		{1EDF2A93-2A7F-4165-B040-B88D5076E64C}.Release|x64.Build.0 = Release|Any CPU
		{1EDF2A93-2A7F-4165-B040-B88D5076E64C}.Release|x86.ActiveCfg = Release|Any CPU
		{1EDF2A93-2A7F-4165-B040-B88D5076E64C}.Release|x86.Build.0 = Release|Any CPU
		{C07AE076-A4DD-413C-AA2C-61C9960BC28D}.Debug|Any CPU.ActiveCfg = Debug|Any CPU
		{C07AE076-A4DD-413C-AA2C-61C9960BC28D}.Debug|Any CPU.Build.0 = Debug|Any CPU
		{C07AE076-A4DD-413C-AA2C-61C9960BC28D}.Debug|x64.ActiveCfg = Debug|Any CPU
		{C07AE076-A4DD-413C-AA2C-61C9960BC28D}.Debug|x64.Build.0 = Debug|Any CPU
		{C07AE076-A4DD-413C-AA2C-61C9960BC28D}.Debug|x86.ActiveCfg = Debug|Any CPU
		{C07AE076-A4DD-413C-AA2C-61C9960BC28D}.Debug|x86.Build.0 = Debug|Any CPU
		{C07AE076-A4DD-413C-AA2C-61C9960BC28D}.Release|Any CPU.ActiveCfg = Release|Any CPU
		{C07AE076-A4DD-413C-AA2C-61C9960BC28D}.Release|Any CPU.Build.0 = Release|Any CPU
		{C07AE076-A4DD-413C-AA2C-61C9960BC28D}.Release|x64.ActiveCfg = Release|Any CPU
		{C07AE076-A4DD-413C-AA2C-61C9960BC28D}.Release|x64.Build.0 = Release|Any CPU
		{C07AE076-A4DD-413C-AA2C-61C9960BC28D}.Release|x86.ActiveCfg = Release|Any CPU
		{C07AE076-A4DD-413C-AA2C-61C9960BC28D}.Release|x86.Build.0 = Release|Any CPU
		{773D2F8A-8395-4A65-9D7C-154EE3BA495B}.Debug|Any CPU.ActiveCfg = Debug|Any CPU
		{773D2F8A-8395-4A65-9D7C-154EE3BA495B}.Debug|Any CPU.Build.0 = Debug|Any CPU
		{773D2F8A-8395-4A65-9D7C-154EE3BA495B}.Debug|x64.ActiveCfg = Debug|Any CPU
		{773D2F8A-8395-4A65-9D7C-154EE3BA495B}.Debug|x64.Build.0 = Debug|Any CPU
		{773D2F8A-8395-4A65-9D7C-154EE3BA495B}.Debug|x86.ActiveCfg = Debug|Any CPU
		{773D2F8A-8395-4A65-9D7C-154EE3BA495B}.Debug|x86.Build.0 = Debug|Any CPU
		{773D2F8A-8395-4A65-9D7C-154EE3BA495B}.Release|Any CPU.ActiveCfg = Release|Any CPU
		{773D2F8A-8395-4A65-9D7C-154EE3BA495B}.Release|Any CPU.Build.0 = Release|Any CPU
		{773D2F8A-8395-4A65-9D7C-154EE3BA495B}.Release|x64.ActiveCfg = Release|Any CPU
		{773D2F8A-8395-4A65-9D7C-154EE3BA495B}.Release|x64.Build.0 = Release|Any CPU
		{773D2F8A-8395-4A65-9D7C-154EE3BA495B}.Release|x86.ActiveCfg = Release|Any CPU
		{773D2F8A-8395-4A65-9D7C-154EE3BA495B}.Release|x86.Build.0 = Release|Any CPU
		{255812FD-B493-4A85-B5EA-60BBD07F4E20}.Debug|Any CPU.ActiveCfg = Debug|Any CPU
		{255812FD-B493-4A85-B5EA-60BBD07F4E20}.Debug|Any CPU.Build.0 = Debug|Any CPU
		{255812FD-B493-4A85-B5EA-60BBD07F4E20}.Debug|x64.ActiveCfg = Debug|Any CPU
		{255812FD-B493-4A85-B5EA-60BBD07F4E20}.Debug|x64.Build.0 = Debug|Any CPU
		{255812FD-B493-4A85-B5EA-60BBD07F4E20}.Debug|x86.ActiveCfg = Debug|Any CPU
		{255812FD-B493-4A85-B5EA-60BBD07F4E20}.Debug|x86.Build.0 = Debug|Any CPU
		{255812FD-B493-4A85-B5EA-60BBD07F4E20}.Release|Any CPU.ActiveCfg = Release|Any CPU
		{255812FD-B493-4A85-B5EA-60BBD07F4E20}.Release|Any CPU.Build.0 = Release|Any CPU
		{255812FD-B493-4A85-B5EA-60BBD07F4E20}.Release|x64.ActiveCfg = Release|Any CPU
		{255812FD-B493-4A85-B5EA-60BBD07F4E20}.Release|x64.Build.0 = Release|Any CPU
		{255812FD-B493-4A85-B5EA-60BBD07F4E20}.Release|x86.ActiveCfg = Release|Any CPU
		{255812FD-B493-4A85-B5EA-60BBD07F4E20}.Release|x86.Build.0 = Release|Any CPU
		{201497D6-A014-43BB-A0D3-EF5CEB5FD438}.Debug|Any CPU.ActiveCfg = Debug|Any CPU
		{201497D6-A014-43BB-A0D3-EF5CEB5FD438}.Debug|Any CPU.Build.0 = Debug|Any CPU
		{201497D6-A014-43BB-A0D3-EF5CEB5FD438}.Debug|x64.ActiveCfg = Debug|Any CPU
		{201497D6-A014-43BB-A0D3-EF5CEB5FD438}.Debug|x64.Build.0 = Debug|Any CPU
		{201497D6-A014-43BB-A0D3-EF5CEB5FD438}.Debug|x86.ActiveCfg = Debug|Any CPU
		{201497D6-A014-43BB-A0D3-EF5CEB5FD438}.Debug|x86.Build.0 = Debug|Any CPU
		{201497D6-A014-43BB-A0D3-EF5CEB5FD438}.Release|Any CPU.ActiveCfg = Release|Any CPU
		{201497D6-A014-43BB-A0D3-EF5CEB5FD438}.Release|Any CPU.Build.0 = Release|Any CPU
		{201497D6-A014-43BB-A0D3-EF5CEB5FD438}.Release|x64.ActiveCfg = Release|Any CPU
		{201497D6-A014-43BB-A0D3-EF5CEB5FD438}.Release|x64.Build.0 = Release|Any CPU
		{201497D6-A014-43BB-A0D3-EF5CEB5FD438}.Release|x86.ActiveCfg = Release|Any CPU
		{201497D6-A014-43BB-A0D3-EF5CEB5FD438}.Release|x86.Build.0 = Release|Any CPU
		{305D84BA-6AC5-4B03-B18D-15786E5F242D}.Debug|Any CPU.ActiveCfg = Debug|Any CPU
		{305D84BA-6AC5-4B03-B18D-15786E5F242D}.Debug|Any CPU.Build.0 = Debug|Any CPU
		{305D84BA-6AC5-4B03-B18D-15786E5F242D}.Debug|x64.ActiveCfg = Debug|Any CPU
		{305D84BA-6AC5-4B03-B18D-15786E5F242D}.Debug|x64.Build.0 = Debug|Any CPU
		{305D84BA-6AC5-4B03-B18D-15786E5F242D}.Debug|x86.ActiveCfg = Debug|Any CPU
		{305D84BA-6AC5-4B03-B18D-15786E5F242D}.Debug|x86.Build.0 = Debug|Any CPU
		{305D84BA-6AC5-4B03-B18D-15786E5F242D}.Release|Any CPU.ActiveCfg = Release|Any CPU
		{305D84BA-6AC5-4B03-B18D-15786E5F242D}.Release|Any CPU.Build.0 = Release|Any CPU
		{305D84BA-6AC5-4B03-B18D-15786E5F242D}.Release|x64.ActiveCfg = Release|Any CPU
		{305D84BA-6AC5-4B03-B18D-15786E5F242D}.Release|x64.Build.0 = Release|Any CPU
		{305D84BA-6AC5-4B03-B18D-15786E5F242D}.Release|x86.ActiveCfg = Release|Any CPU
		{305D84BA-6AC5-4B03-B18D-15786E5F242D}.Release|x86.Build.0 = Release|Any CPU
		{4F8FAF8B-A699-444F-BECE-ED84F3BB19B1}.Debug|Any CPU.ActiveCfg = Debug|Any CPU
		{4F8FAF8B-A699-444F-BECE-ED84F3BB19B1}.Debug|Any CPU.Build.0 = Debug|Any CPU
		{4F8FAF8B-A699-444F-BECE-ED84F3BB19B1}.Debug|x64.ActiveCfg = Debug|Any CPU
		{4F8FAF8B-A699-444F-BECE-ED84F3BB19B1}.Debug|x64.Build.0 = Debug|Any CPU
		{4F8FAF8B-A699-444F-BECE-ED84F3BB19B1}.Debug|x86.ActiveCfg = Debug|Any CPU
		{4F8FAF8B-A699-444F-BECE-ED84F3BB19B1}.Debug|x86.Build.0 = Debug|Any CPU
		{4F8FAF8B-A699-444F-BECE-ED84F3BB19B1}.Release|Any CPU.ActiveCfg = Release|Any CPU
		{4F8FAF8B-A699-444F-BECE-ED84F3BB19B1}.Release|Any CPU.Build.0 = Release|Any CPU
		{4F8FAF8B-A699-444F-BECE-ED84F3BB19B1}.Release|x64.ActiveCfg = Release|Any CPU
		{4F8FAF8B-A699-444F-BECE-ED84F3BB19B1}.Release|x64.Build.0 = Release|Any CPU
		{4F8FAF8B-A699-444F-BECE-ED84F3BB19B1}.Release|x86.ActiveCfg = Release|Any CPU
		{4F8FAF8B-A699-444F-BECE-ED84F3BB19B1}.Release|x86.Build.0 = Release|Any CPU
		{92519F77-CB23-4E2B-A317-E12E304DD175}.Debug|Any CPU.ActiveCfg = Debug|Any CPU
		{92519F77-CB23-4E2B-A317-E12E304DD175}.Debug|Any CPU.Build.0 = Debug|Any CPU
		{92519F77-CB23-4E2B-A317-E12E304DD175}.Debug|x64.ActiveCfg = Debug|Any CPU
		{92519F77-CB23-4E2B-A317-E12E304DD175}.Debug|x64.Build.0 = Debug|Any CPU
		{92519F77-CB23-4E2B-A317-E12E304DD175}.Debug|x86.ActiveCfg = Debug|Any CPU
		{92519F77-CB23-4E2B-A317-E12E304DD175}.Debug|x86.Build.0 = Debug|Any CPU
		{92519F77-CB23-4E2B-A317-E12E304DD175}.Release|Any CPU.ActiveCfg = Release|Any CPU
		{92519F77-CB23-4E2B-A317-E12E304DD175}.Release|Any CPU.Build.0 = Release|Any CPU
		{92519F77-CB23-4E2B-A317-E12E304DD175}.Release|x64.ActiveCfg = Release|Any CPU
		{92519F77-CB23-4E2B-A317-E12E304DD175}.Release|x64.Build.0 = Release|Any CPU
		{92519F77-CB23-4E2B-A317-E12E304DD175}.Release|x86.ActiveCfg = Release|Any CPU
		{92519F77-CB23-4E2B-A317-E12E304DD175}.Release|x86.Build.0 = Release|Any CPU
		{7AD4DD2D-0A9D-4FF6-82F5-69562BC6A97C}.Debug|Any CPU.ActiveCfg = Debug|Any CPU
		{7AD4DD2D-0A9D-4FF6-82F5-69562BC6A97C}.Debug|Any CPU.Build.0 = Debug|Any CPU
		{7AD4DD2D-0A9D-4FF6-82F5-69562BC6A97C}.Debug|x64.ActiveCfg = Debug|Any CPU
		{7AD4DD2D-0A9D-4FF6-82F5-69562BC6A97C}.Debug|x64.Build.0 = Debug|Any CPU
		{7AD4DD2D-0A9D-4FF6-82F5-69562BC6A97C}.Debug|x86.ActiveCfg = Debug|Any CPU
		{7AD4DD2D-0A9D-4FF6-82F5-69562BC6A97C}.Debug|x86.Build.0 = Debug|Any CPU
		{7AD4DD2D-0A9D-4FF6-82F5-69562BC6A97C}.Release|Any CPU.ActiveCfg = Release|Any CPU
		{7AD4DD2D-0A9D-4FF6-82F5-69562BC6A97C}.Release|Any CPU.Build.0 = Release|Any CPU
		{7AD4DD2D-0A9D-4FF6-82F5-69562BC6A97C}.Release|x64.ActiveCfg = Release|Any CPU
		{7AD4DD2D-0A9D-4FF6-82F5-69562BC6A97C}.Release|x64.Build.0 = Release|Any CPU
		{7AD4DD2D-0A9D-4FF6-82F5-69562BC6A97C}.Release|x86.ActiveCfg = Release|Any CPU
		{7AD4DD2D-0A9D-4FF6-82F5-69562BC6A97C}.Release|x86.Build.0 = Release|Any CPU
		{044D959C-7385-4822-BA0C-EE098545E498}.Debug|Any CPU.ActiveCfg = Debug|Any CPU
		{044D959C-7385-4822-BA0C-EE098545E498}.Debug|Any CPU.Build.0 = Debug|Any CPU
		{044D959C-7385-4822-BA0C-EE098545E498}.Debug|x64.ActiveCfg = Debug|Any CPU
		{044D959C-7385-4822-BA0C-EE098545E498}.Debug|x64.Build.0 = Debug|Any CPU
		{044D959C-7385-4822-BA0C-EE098545E498}.Debug|x86.ActiveCfg = Debug|Any CPU
		{044D959C-7385-4822-BA0C-EE098545E498}.Debug|x86.Build.0 = Debug|Any CPU
		{044D959C-7385-4822-BA0C-EE098545E498}.Release|Any CPU.ActiveCfg = Release|Any CPU
		{044D959C-7385-4822-BA0C-EE098545E498}.Release|Any CPU.Build.0 = Release|Any CPU
		{044D959C-7385-4822-BA0C-EE098545E498}.Release|x64.ActiveCfg = Release|Any CPU
		{044D959C-7385-4822-BA0C-EE098545E498}.Release|x64.Build.0 = Release|Any CPU
		{044D959C-7385-4822-BA0C-EE098545E498}.Release|x86.ActiveCfg = Release|Any CPU
		{044D959C-7385-4822-BA0C-EE098545E498}.Release|x86.Build.0 = Release|Any CPU
		{848AC525-97AF-4BDC-82CB-40A56521E30E}.Debug|Any CPU.ActiveCfg = Debug|Any CPU
		{848AC525-97AF-4BDC-82CB-40A56521E30E}.Debug|Any CPU.Build.0 = Debug|Any CPU
		{848AC525-97AF-4BDC-82CB-40A56521E30E}.Debug|x64.ActiveCfg = Debug|Any CPU
		{848AC525-97AF-4BDC-82CB-40A56521E30E}.Debug|x64.Build.0 = Debug|Any CPU
		{848AC525-97AF-4BDC-82CB-40A56521E30E}.Debug|x86.ActiveCfg = Debug|Any CPU
		{848AC525-97AF-4BDC-82CB-40A56521E30E}.Debug|x86.Build.0 = Debug|Any CPU
		{848AC525-97AF-4BDC-82CB-40A56521E30E}.Release|Any CPU.ActiveCfg = Release|Any CPU
		{848AC525-97AF-4BDC-82CB-40A56521E30E}.Release|Any CPU.Build.0 = Release|Any CPU
		{848AC525-97AF-4BDC-82CB-40A56521E30E}.Release|x64.ActiveCfg = Release|Any CPU
		{848AC525-97AF-4BDC-82CB-40A56521E30E}.Release|x64.Build.0 = Release|Any CPU
		{848AC525-97AF-4BDC-82CB-40A56521E30E}.Release|x86.ActiveCfg = Release|Any CPU
		{848AC525-97AF-4BDC-82CB-40A56521E30E}.Release|x86.Build.0 = Release|Any CPU
		{3422267B-ABCE-47FD-968E-8029FFAC6617}.Debug|Any CPU.ActiveCfg = Debug|Any CPU
		{3422267B-ABCE-47FD-968E-8029FFAC6617}.Debug|Any CPU.Build.0 = Debug|Any CPU
		{3422267B-ABCE-47FD-968E-8029FFAC6617}.Debug|x64.ActiveCfg = Debug|Any CPU
		{3422267B-ABCE-47FD-968E-8029FFAC6617}.Debug|x64.Build.0 = Debug|Any CPU
		{3422267B-ABCE-47FD-968E-8029FFAC6617}.Debug|x86.ActiveCfg = Debug|Any CPU
		{3422267B-ABCE-47FD-968E-8029FFAC6617}.Debug|x86.Build.0 = Debug|Any CPU
		{3422267B-ABCE-47FD-968E-8029FFAC6617}.Release|Any CPU.ActiveCfg = Release|Any CPU
		{3422267B-ABCE-47FD-968E-8029FFAC6617}.Release|Any CPU.Build.0 = Release|Any CPU
		{3422267B-ABCE-47FD-968E-8029FFAC6617}.Release|x64.ActiveCfg = Release|Any CPU
		{3422267B-ABCE-47FD-968E-8029FFAC6617}.Release|x64.Build.0 = Release|Any CPU
		{3422267B-ABCE-47FD-968E-8029FFAC6617}.Release|x86.ActiveCfg = Release|Any CPU
		{3422267B-ABCE-47FD-968E-8029FFAC6617}.Release|x86.Build.0 = Release|Any CPU
		{CC9ABD01-4151-4B11-8150-EB2ED9643139}.Debug|Any CPU.ActiveCfg = Debug|Any CPU
		{CC9ABD01-4151-4B11-8150-EB2ED9643139}.Debug|Any CPU.Build.0 = Debug|Any CPU
		{CC9ABD01-4151-4B11-8150-EB2ED9643139}.Debug|x64.ActiveCfg = Debug|Any CPU
		{CC9ABD01-4151-4B11-8150-EB2ED9643139}.Debug|x64.Build.0 = Debug|Any CPU
		{CC9ABD01-4151-4B11-8150-EB2ED9643139}.Debug|x86.ActiveCfg = Debug|Any CPU
		{CC9ABD01-4151-4B11-8150-EB2ED9643139}.Debug|x86.Build.0 = Debug|Any CPU
		{CC9ABD01-4151-4B11-8150-EB2ED9643139}.Release|Any CPU.ActiveCfg = Release|Any CPU
		{CC9ABD01-4151-4B11-8150-EB2ED9643139}.Release|Any CPU.Build.0 = Release|Any CPU
		{CC9ABD01-4151-4B11-8150-EB2ED9643139}.Release|x64.ActiveCfg = Release|Any CPU
		{CC9ABD01-4151-4B11-8150-EB2ED9643139}.Release|x64.Build.0 = Release|Any CPU
		{CC9ABD01-4151-4B11-8150-EB2ED9643139}.Release|x86.ActiveCfg = Release|Any CPU
		{CC9ABD01-4151-4B11-8150-EB2ED9643139}.Release|x86.Build.0 = Release|Any CPU
		{1E2311A5-AC48-4B26-B162-2CEC9F8FAA47}.Debug|Any CPU.ActiveCfg = Debug|Any CPU
		{1E2311A5-AC48-4B26-B162-2CEC9F8FAA47}.Debug|Any CPU.Build.0 = Debug|Any CPU
		{1E2311A5-AC48-4B26-B162-2CEC9F8FAA47}.Debug|x64.ActiveCfg = Debug|Any CPU
		{1E2311A5-AC48-4B26-B162-2CEC9F8FAA47}.Debug|x64.Build.0 = Debug|Any CPU
		{1E2311A5-AC48-4B26-B162-2CEC9F8FAA47}.Debug|x86.ActiveCfg = Debug|Any CPU
		{1E2311A5-AC48-4B26-B162-2CEC9F8FAA47}.Debug|x86.Build.0 = Debug|Any CPU
		{1E2311A5-AC48-4B26-B162-2CEC9F8FAA47}.Release|Any CPU.ActiveCfg = Release|Any CPU
		{1E2311A5-AC48-4B26-B162-2CEC9F8FAA47}.Release|Any CPU.Build.0 = Release|Any CPU
		{1E2311A5-AC48-4B26-B162-2CEC9F8FAA47}.Release|x64.ActiveCfg = Release|Any CPU
		{1E2311A5-AC48-4B26-B162-2CEC9F8FAA47}.Release|x64.Build.0 = Release|Any CPU
		{1E2311A5-AC48-4B26-B162-2CEC9F8FAA47}.Release|x86.ActiveCfg = Release|Any CPU
		{1E2311A5-AC48-4B26-B162-2CEC9F8FAA47}.Release|x86.Build.0 = Release|Any CPU
		{AAD3E211-5E07-4B1E-A183-483066231405}.Debug|Any CPU.ActiveCfg = Debug|Any CPU
		{AAD3E211-5E07-4B1E-A183-483066231405}.Debug|Any CPU.Build.0 = Debug|Any CPU
		{AAD3E211-5E07-4B1E-A183-483066231405}.Debug|x64.ActiveCfg = Debug|Any CPU
		{AAD3E211-5E07-4B1E-A183-483066231405}.Debug|x64.Build.0 = Debug|Any CPU
		{AAD3E211-5E07-4B1E-A183-483066231405}.Debug|x86.ActiveCfg = Debug|Any CPU
		{AAD3E211-5E07-4B1E-A183-483066231405}.Debug|x86.Build.0 = Debug|Any CPU
		{AAD3E211-5E07-4B1E-A183-483066231405}.Release|Any CPU.ActiveCfg = Release|Any CPU
		{AAD3E211-5E07-4B1E-A183-483066231405}.Release|Any CPU.Build.0 = Release|Any CPU
		{AAD3E211-5E07-4B1E-A183-483066231405}.Release|x64.ActiveCfg = Release|Any CPU
		{AAD3E211-5E07-4B1E-A183-483066231405}.Release|x64.Build.0 = Release|Any CPU
		{AAD3E211-5E07-4B1E-A183-483066231405}.Release|x86.ActiveCfg = Release|Any CPU
		{AAD3E211-5E07-4B1E-A183-483066231405}.Release|x86.Build.0 = Release|Any CPU
		{6AE41152-FDD3-42AF-BCD6-857847E6E9C0}.Debug|Any CPU.ActiveCfg = Debug|Any CPU
		{6AE41152-FDD3-42AF-BCD6-857847E6E9C0}.Debug|Any CPU.Build.0 = Debug|Any CPU
		{6AE41152-FDD3-42AF-BCD6-857847E6E9C0}.Debug|x64.ActiveCfg = Debug|Any CPU
		{6AE41152-FDD3-42AF-BCD6-857847E6E9C0}.Debug|x64.Build.0 = Debug|Any CPU
		{6AE41152-FDD3-42AF-BCD6-857847E6E9C0}.Debug|x86.ActiveCfg = Debug|Any CPU
		{6AE41152-FDD3-42AF-BCD6-857847E6E9C0}.Debug|x86.Build.0 = Debug|Any CPU
		{6AE41152-FDD3-42AF-BCD6-857847E6E9C0}.Release|Any CPU.ActiveCfg = Release|Any CPU
		{6AE41152-FDD3-42AF-BCD6-857847E6E9C0}.Release|Any CPU.Build.0 = Release|Any CPU
		{6AE41152-FDD3-42AF-BCD6-857847E6E9C0}.Release|x64.ActiveCfg = Release|Any CPU
		{6AE41152-FDD3-42AF-BCD6-857847E6E9C0}.Release|x64.Build.0 = Release|Any CPU
		{6AE41152-FDD3-42AF-BCD6-857847E6E9C0}.Release|x86.ActiveCfg = Release|Any CPU
		{6AE41152-FDD3-42AF-BCD6-857847E6E9C0}.Release|x86.Build.0 = Release|Any CPU
		{52ABED39-0216-4451-BDBE-1D88C6B4C19B}.Debug|Any CPU.ActiveCfg = Debug|Any CPU
		{52ABED39-0216-4451-BDBE-1D88C6B4C19B}.Debug|Any CPU.Build.0 = Debug|Any CPU
		{52ABED39-0216-4451-BDBE-1D88C6B4C19B}.Debug|x64.ActiveCfg = Debug|Any CPU
		{52ABED39-0216-4451-BDBE-1D88C6B4C19B}.Debug|x64.Build.0 = Debug|Any CPU
		{52ABED39-0216-4451-BDBE-1D88C6B4C19B}.Debug|x86.ActiveCfg = Debug|Any CPU
		{52ABED39-0216-4451-BDBE-1D88C6B4C19B}.Debug|x86.Build.0 = Debug|Any CPU
		{52ABED39-0216-4451-BDBE-1D88C6B4C19B}.Release|Any CPU.ActiveCfg = Release|Any CPU
		{52ABED39-0216-4451-BDBE-1D88C6B4C19B}.Release|Any CPU.Build.0 = Release|Any CPU
		{52ABED39-0216-4451-BDBE-1D88C6B4C19B}.Release|x64.ActiveCfg = Release|Any CPU
		{52ABED39-0216-4451-BDBE-1D88C6B4C19B}.Release|x64.Build.0 = Release|Any CPU
		{52ABED39-0216-4451-BDBE-1D88C6B4C19B}.Release|x86.ActiveCfg = Release|Any CPU
		{52ABED39-0216-4451-BDBE-1D88C6B4C19B}.Release|x86.Build.0 = Release|Any CPU
		{723D7E53-4F63-4A48-BE5B-21F1B5326CFD}.Debug|Any CPU.ActiveCfg = Debug|Any CPU
		{723D7E53-4F63-4A48-BE5B-21F1B5326CFD}.Debug|Any CPU.Build.0 = Debug|Any CPU
		{723D7E53-4F63-4A48-BE5B-21F1B5326CFD}.Debug|x64.ActiveCfg = Debug|Any CPU
		{723D7E53-4F63-4A48-BE5B-21F1B5326CFD}.Debug|x64.Build.0 = Debug|Any CPU
		{723D7E53-4F63-4A48-BE5B-21F1B5326CFD}.Debug|x86.ActiveCfg = Debug|Any CPU
		{723D7E53-4F63-4A48-BE5B-21F1B5326CFD}.Debug|x86.Build.0 = Debug|Any CPU
		{723D7E53-4F63-4A48-BE5B-21F1B5326CFD}.Release|Any CPU.ActiveCfg = Release|Any CPU
		{723D7E53-4F63-4A48-BE5B-21F1B5326CFD}.Release|Any CPU.Build.0 = Release|Any CPU
		{723D7E53-4F63-4A48-BE5B-21F1B5326CFD}.Release|x64.ActiveCfg = Release|Any CPU
		{723D7E53-4F63-4A48-BE5B-21F1B5326CFD}.Release|x64.Build.0 = Release|Any CPU
		{723D7E53-4F63-4A48-BE5B-21F1B5326CFD}.Release|x86.ActiveCfg = Release|Any CPU
		{723D7E53-4F63-4A48-BE5B-21F1B5326CFD}.Release|x86.Build.0 = Release|Any CPU
	EndGlobalSection
	GlobalSection(SolutionProperties) = preSolution
		HideSolutionNode = FALSE
	EndGlobalSection
	GlobalSection(NestedProjects) = preSolution
		{CE591F83-3E64-FA5E-4411-5E7653667B91} = {E7BDDBC6-9FD1-D1D7-ACD8-2C4F8E3D2461}
		{7CC5DAAD-3B37-4DE8-B335-C704E8B3A8E1} = {CE591F83-3E64-FA5E-4411-5E7653667B91}
		{F66EC404-58BA-45DF-A807-7A038DB41238} = {CE591F83-3E64-FA5E-4411-5E7653667B91}
		{AA367DDA-21D2-49D1-8503-EFD78A82D92A} = {CE591F83-3E64-FA5E-4411-5E7653667B91}
		{B5F3740F-51B5-4D56-ABE1-E7FD06525AFB} = {CE591F83-3E64-FA5E-4411-5E7653667B91}
		{D0CAB5FA-7462-4B84-B808-3A6C1B435652} = {CE591F83-3E64-FA5E-4411-5E7653667B91}
		{378295AF-C144-6721-7CFF-8DE6E58ED8C7} = {5854FF58-B8C5-05C6-5BF2-ACE42193F22B}
		{2A9A7044-170C-4EA3-A7E5-D9B2EFBD9265} = {378295AF-C144-6721-7CFF-8DE6E58ED8C7}
		{9ED38082-F11D-47FB-A549-11CB857C31C2} = {378295AF-C144-6721-7CFF-8DE6E58ED8C7}
		{AC00ED8A-6D64-4304-9E29-F78DCC335B75} = {378295AF-C144-6721-7CFF-8DE6E58ED8C7}
		{39737B48-396A-4C7E-9A13-8F6B974BB65F} = {378295AF-C144-6721-7CFF-8DE6E58ED8C7}
		{072602B3-3B5D-44C7-B0E3-C21CD244FF30} = {378295AF-C144-6721-7CFF-8DE6E58ED8C7}
		{5AA14FD2-7191-70AB-0264-E0D184F415BF} = {5854FF58-B8C5-05C6-5BF2-ACE42193F22B}
		{E0941949-8F85-4DD5-A97F-0D58C706F22C} = {5AA14FD2-7191-70AB-0264-E0D184F415BF}
		{DB09239F-5B37-4A64-A297-B6C26330BB12} = {5AA14FD2-7191-70AB-0264-E0D184F415BF}
		{1EDF2A93-2A7F-4165-B040-B88D5076E64C} = {5AA14FD2-7191-70AB-0264-E0D184F415BF}
		{C07AE076-A4DD-413C-AA2C-61C9960BC28D} = {5AA14FD2-7191-70AB-0264-E0D184F415BF}
		{773D2F8A-8395-4A65-9D7C-154EE3BA495B} = {5AA14FD2-7191-70AB-0264-E0D184F415BF}
		{F324F16E-697C-FB28-0140-5E2B957955FE} = {5854FF58-B8C5-05C6-5BF2-ACE42193F22B}
		{255812FD-B493-4A85-B5EA-60BBD07F4E20} = {F324F16E-697C-FB28-0140-5E2B957955FE}
		{201497D6-A014-43BB-A0D3-EF5CEB5FD438} = {F324F16E-697C-FB28-0140-5E2B957955FE}
		{305D84BA-6AC5-4B03-B18D-15786E5F242D} = {F324F16E-697C-FB28-0140-5E2B957955FE}
		{4F8FAF8B-A699-444F-BECE-ED84F3BB19B1} = {F324F16E-697C-FB28-0140-5E2B957955FE}
		{92519F77-CB23-4E2B-A317-E12E304DD175} = {F324F16E-697C-FB28-0140-5E2B957955FE}
		{A687D6EC-60BE-4F39-E21F-813EA97F0F62} = {5854FF58-B8C5-05C6-5BF2-ACE42193F22B}
		{7AD4DD2D-0A9D-4FF6-82F5-69562BC6A97C} = {A687D6EC-60BE-4F39-E21F-813EA97F0F62}
		{044D959C-7385-4822-BA0C-EE098545E498} = {A687D6EC-60BE-4F39-E21F-813EA97F0F62}
		{848AC525-97AF-4BDC-82CB-40A56521E30E} = {A687D6EC-60BE-4F39-E21F-813EA97F0F62}
		{3422267B-ABCE-47FD-968E-8029FFAC6617} = {A687D6EC-60BE-4F39-E21F-813EA97F0F62}
		{CC9ABD01-4151-4B11-8150-EB2ED9643139} = {A687D6EC-60BE-4F39-E21F-813EA97F0F62}
		{EDD64D91-0F4B-5ED4-2866-ADA64D5A1C33} = {4F52FD11-658E-A102-6CD3-7D7C16FFA15B}
		{1E2311A5-AC48-4B26-B162-2CEC9F8FAA47} = {EDD64D91-0F4B-5ED4-2866-ADA64D5A1C33}
		{AAD3E211-5E07-4B1E-A183-483066231405} = {EDD64D91-0F4B-5ED4-2866-ADA64D5A1C33}
		{6AE41152-FDD3-42AF-BCD6-857847E6E9C0} = {EDD64D91-0F4B-5ED4-2866-ADA64D5A1C33}
		{C37F6A99-4F64-C411-A3CA-5C94B414AB7E} = {5854FF58-B8C5-05C6-5BF2-ACE42193F22B}
		{52ABED39-0216-4451-BDBE-1D88C6B4C19B} = {C37F6A99-4F64-C411-A3CA-5C94B414AB7E}
		{723D7E53-4F63-4A48-BE5B-21F1B5326CFD} = {C37F6A99-4F64-C411-A3CA-5C94B414AB7E}
	EndGlobalSection
EndGlobal
